### YamlMime:ManagedReference
items:
- uid: System.Windows.Media.Animation.Clock
  id: Clock
  children:
  - System.Windows.Media.Animation.Clock.#ctor(System.Windows.Media.Animation.Timeline)
  - System.Windows.Media.Animation.Clock.Completed
  - System.Windows.Media.Animation.Clock.Controller
  - System.Windows.Media.Animation.Clock.CurrentGlobalSpeed
  - System.Windows.Media.Animation.Clock.CurrentGlobalSpeedInvalidated
  - System.Windows.Media.Animation.Clock.CurrentGlobalTime
  - System.Windows.Media.Animation.Clock.CurrentIteration
  - System.Windows.Media.Animation.Clock.CurrentProgress
  - System.Windows.Media.Animation.Clock.CurrentState
  - System.Windows.Media.Animation.Clock.CurrentStateInvalidated
  - System.Windows.Media.Animation.Clock.CurrentTime
  - System.Windows.Media.Animation.Clock.CurrentTimeInvalidated
  - System.Windows.Media.Animation.Clock.DiscontinuousTimeMovement
  - System.Windows.Media.Animation.Clock.GetCanSlip
  - System.Windows.Media.Animation.Clock.GetCurrentTimeCore
  - System.Windows.Media.Animation.Clock.HasControllableRoot
  - System.Windows.Media.Animation.Clock.IsPaused
  - System.Windows.Media.Animation.Clock.NaturalDuration
  - System.Windows.Media.Animation.Clock.Parent
  - System.Windows.Media.Animation.Clock.RemoveRequested
  - System.Windows.Media.Animation.Clock.SpeedChanged
  - System.Windows.Media.Animation.Clock.Stopped
  - System.Windows.Media.Animation.Clock.Timeline
  langs:
  - csharp
  name: Clock
  nameWithType: Clock
  fullName: System.Windows.Media.Animation.Clock
  type: Class
  summary: "Mantém o estado de intervalo de tempo de execução de um <xref href=&quot;System.Windows.Media.Animation.Timeline&quot;> </xref>."
  remarks: "Um <xref:System.Windows.Media.Animation.Timeline>, por si só, não fazer nada que descrevem um segmento de tempo.</xref:System.Windows.Media.Animation.Timeline> É o objeto de relógio da linha do tempo que faz o trabalho real: ele mantém o estado de tempo de execução relacionados a tempo para a linha do tempo.       Na maioria dos casos, um relógio é criado automaticamente para a linha do tempo. Quando você anima usando um <xref:System.Windows.Media.Animation.Storyboard>ou <xref:System.Windows.Media.Animation.Animatable.BeginAnimation%2A>método, relógios são automaticamente criados para suas linhas de tempo e animações e aplicados às suas propriedades de destino.</xref:System.Windows.Media.Animation.Animatable.BeginAnimation%2A> </xref:System.Windows.Media.Animation.Storyboard> Para obter exemplos, consulte [como: animar uma propriedade usando um Storyboard](~/add/includes/ajax-current-ext-md.md) e [como: animar uma propriedade sem usar um Storyboard](~/add/includes/ajax-current-ext-md.md).       Você também pode criar um relógio explicitamente usando o <xref:System.Windows.Media.Animation.Timeline.CreateClock%2A>método.</xref:System.Windows.Media.Animation.Timeline.CreateClock%2A> Em cenários de alto desempenho, como animação de grande número de objetos semelhantes, gerenciar seu próprio uso relógio pode fornecer benefícios de desempenho.       Relógios são organizados em árvores que correspondam à estrutura do <xref:System.Windows.Media.Animation.Timeline>árvore de objetos do qual eles são criados.</xref:System.Windows.Media.Animation.Timeline> O relógio raiz de uma árvore de tempo tais pode ser manipulado interativamente (em pausa, retomados, parado e assim por diante), recuperando seus <xref:System.Windows.Media.Animation.Clock.Controller%2A>.</xref:System.Windows.Media.Animation.Clock.Controller%2A> Relógios não raiz não podem ser controlados diretamente.       Depois de criado, um relógio não pode ser modificado (mas ele pode ser manipulado).      ## Usar uma linha do tempo, como o relógio do Timer uma timeline será andamento somente quando há um manipulador de eventos associados a ele ou (no caso de uma <xref:System.Windows.Media.Animation.AnimationClock>objeto) é associado uma propriedade.</xref:System.Windows.Media.Animation.AnimationClock> Por essa razão (e outros), não se recomenda que você use um <xref:System.Windows.Media.Animation.Timeline>como um timer.</xref:System.Windows.Media.Animation.Timeline>"
  syntax:
    content: 'public class Clock : System.Windows.Threading.DispatcherObject'
  inheritance:
  - System.Object
  - System.Windows.Threading.DispatcherObject
  implements: []
  inheritedMembers:
  - System.Windows.Threading.DispatcherObject.CheckAccess
  - System.Windows.Threading.DispatcherObject.Dispatcher
  - System.Windows.Threading.DispatcherObject.VerifyAccess
  platform:
  - net462
- uid: System.Windows.Media.Animation.Clock.#ctor(System.Windows.Media.Animation.Timeline)
  id: '#ctor(System.Windows.Media.Animation.Timeline)'
  parent: System.Windows.Media.Animation.Clock
  langs:
  - csharp
  name: Clock(Timeline)
  nameWithType: Clock.Clock(Timeline)
  fullName: System.Windows.Media.Animation.Clock.Clock(Timeline)
  type: Constructor
  assemblies:
  - PresentationCore
  namespace: System.Windows.Media.Animation
  summary: "Inicializa uma nova instância do <xref href=&quot;System.Windows.Media.Animation.Clock&quot;> </xref> classe usando especificado <xref:System.Windows.Media.Animation.Clock.Timeline*>como um modelo.</xref:System.Windows.Media.Animation.Clock.Timeline*> O novo <xref href=&quot;System.Windows.Media.Animation.Clock&quot;> </xref> objeto não tem filhos."
  syntax:
    content: protected Clock (System.Windows.Media.Animation.Timeline timeline);
    parameters:
    - id: timeline
      type: System.Windows.Media.Animation.Timeline
      description: "O <> </> *> do qual esse clock deve ser construído. Relógios não são criados para qualquer filho <> </> *> objetos, se existirem."
  overload: System.Windows.Media.Animation.Clock.#ctor*
  exceptions: []
  platform:
  - net462
- uid: System.Windows.Media.Animation.Clock.Completed
  id: Completed
  parent: System.Windows.Media.Animation.Clock
  langs:
  - csharp
  name: Completed
  nameWithType: Clock.Completed
  fullName: System.Windows.Media.Animation.Clock.Completed
  type: Event
  assemblies:
  - PresentationCore
  namespace: System.Windows.Media.Animation
  summary: "Ocorre quando este relógio completamente concluiu a execução."
  remarks: "Se esse clock é o relógio de raiz de uma árvore de relógio, foi concluída depois de atingir o final de sua duração ativa (que inclui as repetições) e todos os seus filhos atingiu o final de suas durações active. Se esse clock é um relógio filho, ele será considerado para concluir a execução quando o relógio da raiz da árvore de relógio ao qual ele pertence atingir final de sua duração ativa e todos os seus relógios filho concluiu a execução.       Parar um relógio não aciona o evento concluído, mas não de adiantamento-lo para o período de preenchimento."
  syntax:
    content: public event EventHandler Completed;
    return:
      type: System.EventHandler
      description: "A ser adicionado."
  exceptions: []
  platform:
  - net462
- uid: System.Windows.Media.Animation.Clock.Controller
  id: Controller
  parent: System.Windows.Media.Animation.Clock
  langs:
  - csharp
  name: Controller
  nameWithType: Clock.Controller
  fullName: System.Windows.Media.Animation.Clock.Controller
  type: Property
  assemblies:
  - PresentationCore
  namespace: System.Windows.Media.Animation
  summary: "Obtém um <xref href=&quot;System.Windows.Media.Animation.ClockController&quot;> </xref> que pode ser usado para iniciar, pausar, retomar, pesquisar, ignorar, parar ou remover esse <xref href=&quot;System.Windows.Media.Animation.Clock&quot;> </xref>."
  remarks: "Somente relógios raiz podem ser controlados interativamente."
  syntax:
    content: public System.Windows.Media.Animation.ClockController Controller { get; }
    return:
      type: System.Windows.Media.Animation.ClockController
      description: "Um <xref href=&quot;System.Windows.Media.Animation.ClockController&quot;> </xref> quando se trata de um relógio de raiz; caso contrário, <xref uid=&quot;langword_csharp_null&quot; name=&quot;null&quot; href=&quot;&quot;> </xref>."
  overload: System.Windows.Media.Animation.Clock.Controller*
  exceptions: []
  platform:
  - net462
- uid: System.Windows.Media.Animation.Clock.CurrentGlobalSpeed
  id: CurrentGlobalSpeed
  parent: System.Windows.Media.Animation.Clock
  langs:
  - csharp
  name: CurrentGlobalSpeed
  nameWithType: Clock.CurrentGlobalSpeed
  fullName: System.Windows.Media.Animation.Clock.CurrentGlobalSpeed
  type: Property
  assemblies:
  - PresentationCore
  namespace: System.Windows.Media.Animation
  summary: "Obtém a taxa em que o horário do relógio está atualmente em andamento, comparada ao tempo do mundo real."
  syntax:
    content: public Nullable<double> CurrentGlobalSpeed { get; }
    return:
      type: System.Nullable{System.Double}
      description: "A taxa em que essa hora do está em andamento atual, comparada à hora do mundo real. Se o relógio for interrompido, essa propriedade retorna <xref uid=&quot;langword_csharp_null&quot; name=&quot;null&quot; href=&quot;&quot;> </xref>."
  overload: System.Windows.Media.Animation.Clock.CurrentGlobalSpeed*
  exceptions: []
  platform:
  - net462
- uid: System.Windows.Media.Animation.Clock.CurrentGlobalSpeedInvalidated
  id: CurrentGlobalSpeedInvalidated
  parent: System.Windows.Media.Animation.Clock
  langs:
  - csharp
  name: CurrentGlobalSpeedInvalidated
  nameWithType: Clock.CurrentGlobalSpeedInvalidated
  fullName: System.Windows.Media.Animation.Clock.CurrentGlobalSpeedInvalidated
  type: Event
  assemblies:
  - PresentationCore
  namespace: System.Windows.Media.Animation
  summary: "Ocorre quando a velocidade do relógio é atualizada."
  remarks: "Pausar, retomar, revertendo, acelerando, desacelerando, busca, parar ou alterando um relógio de interativo acelerar usando um <xref:System.Windows.Media.Animation.ClockController>dispara este evento.</xref:System.Windows.Media.Animation.ClockController>       Embora esse evento ocorre quando o <xref:System.Windows.Media.Animation.Clock.CurrentGlobalSpeed%2A>propriedade torna-se inválido, o que não significa necessariamente que a propriedade alterada.</xref:System.Windows.Media.Animation.Clock.CurrentGlobalSpeed%2A>"
  syntax:
    content: public event EventHandler CurrentGlobalSpeedInvalidated;
    return:
      type: System.EventHandler
      description: "A ser adicionado."
  exceptions: []
  platform:
  - net462
- uid: System.Windows.Media.Animation.Clock.CurrentGlobalTime
  id: CurrentGlobalTime
  parent: System.Windows.Media.Animation.Clock
  langs:
  - csharp
  name: CurrentGlobalTime
  nameWithType: Clock.CurrentGlobalTime
  fullName: System.Windows.Media.Animation.Clock.CurrentGlobalTime
  type: Property
  assemblies:
  - PresentationCore
  namespace: System.Windows.Media.Animation
  summary: "Obtém a hora atual global, conforme estabelecido pelo [!INCLUDE[TLA2#tla_wpf](~/add/includes/ajax-current-ext-md.md)] sistema de tempo."
  syntax:
    content: protected TimeSpan CurrentGlobalTime { get; }
    return:
      type: System.TimeSpan
      description: "A hora atual global para o [!INCLUDE[TLA2#tla_wpf](~/add/includes/ajax-current-ext-md.md)] sistema de tempo."
  overload: System.Windows.Media.Animation.Clock.CurrentGlobalTime*
  exceptions: []
  platform:
  - net462
- uid: System.Windows.Media.Animation.Clock.CurrentIteration
  id: CurrentIteration
  parent: System.Windows.Media.Animation.Clock
  langs:
  - csharp
  name: CurrentIteration
  nameWithType: Clock.CurrentIteration
  fullName: System.Windows.Media.Animation.Clock.CurrentIteration
  type: Property
  assemblies:
  - PresentationCore
  namespace: System.Windows.Media.Animation
  summary: "Obtenha a iteração atual deste relógio."
  remarks: "Primeira iteração do relógio tem um valor de 1.       Se a linha de tempo do relógio, este tem um <xref:System.Windows.Media.Animation.Timeline.AutoReverse%2A>configuração de `true`, uma iteração completa consiste em um par de reversão de encaminhamento, não apenas um desses segmentos.</xref:System.Windows.Media.Animation.Timeline.AutoReverse%2A>       Independentemente de sua iteração atual, procurando um relógio retorna sua iteração atual como 1. Também reiniciar um relógio retorna sua iteração atual como 1."
  syntax:
    content: public Nullable<int> CurrentIteration { get; }
    return:
      type: System.Nullable{System.Int32}
      description: "A iteração atual do relógio neste dentro de seu período ativo atual, ou <xref uid=&quot;langword_csharp_null&quot; name=&quot;null&quot; href=&quot;&quot;> </xref> se este relógio for interrompido."
  overload: System.Windows.Media.Animation.Clock.CurrentIteration*
  exceptions: []
  platform:
  - net462
- uid: System.Windows.Media.Animation.Clock.CurrentProgress
  id: CurrentProgress
  parent: System.Windows.Media.Animation.Clock
  langs:
  - csharp
  name: CurrentProgress
  nameWithType: Clock.CurrentProgress
  fullName: System.Windows.Media.Animation.Clock.CurrentProgress
  type: Property
  assemblies:
  - PresentationCore
  namespace: System.Windows.Media.Animation
  summary: "Obtém o andamento atual deste <xref href=&quot;System.Windows.Media.Animation.Clock&quot;> </xref> dentro de sua iteração atual."
  remarks: "O valor dessa propriedade indica a <xref:System.Windows.Media.Animation.Clock.CurrentTime%2A>normalizado pela <xref:System.Windows.Media.Animation.Timeline.Duration%2A>desse clock <xref:System.Windows.Media.Animation.Clock.Timeline%2A>.</xref:System.Windows.Media.Animation.Clock.Timeline%2A> </xref:System.Windows.Media.Animation.Timeline.Duration%2A> </xref:System.Windows.Media.Animation.Clock.CurrentTime%2A>       Um relógio que é <xref:System.Windows.Media.Animation.ClockState>tem um CurrentProgress 1.0.</xref:System.Windows.Media.Animation.ClockState>      ## Usar uma linha do tempo, como o relógio do Timer uma timeline será andamento somente quando há um manipulador de eventos associados a ele ou (no caso de uma <xref:System.Windows.Media.Animation.AnimationClock>objeto) é associado uma propriedade.</xref:System.Windows.Media.Animation.AnimationClock> Por essa razão (e outros), não se recomenda que você use um <xref:System.Windows.Media.Animation.Timeline>como um timer.</xref:System.Windows.Media.Animation.Timeline>"
  syntax:
    content: public Nullable<double> CurrentProgress { get; }
    return:
      type: System.Nullable{System.Double}
      description: "<xref uid=&quot;langword_csharp_null&quot; name=&quot;null&quot; href=&quot;&quot;></xref>Se for esse clock <xref href=&quot;System.Windows.Media.Animation.ClockState&quot;> </xref>, ou 0.0 se este relógio está ativo e sua <> </> *> tem um <> </> *> de <xref:System.Windows.Duration.Forever*>; caso contrário, um valor entre 0,0 e 1,0 que indica o progresso atual desse Clock dentro de sua iteração atual.</xref:System.Windows.Duration.Forever*> Um valor igual a 0,0 não indica que nenhum progresso, e um valor de 1,0 indica que o relógio está no final da sua iteração atual."
  overload: System.Windows.Media.Animation.Clock.CurrentProgress*
  exceptions: []
  platform:
  - net462
- uid: System.Windows.Media.Animation.Clock.CurrentState
  id: CurrentState
  parent: System.Windows.Media.Animation.Clock
  langs:
  - csharp
  name: CurrentState
  nameWithType: Clock.CurrentState
  fullName: System.Windows.Media.Animation.Clock.CurrentState
  type: Property
  assemblies:
  - PresentationCore
  namespace: System.Windows.Media.Animation
  summary: "Obtém um valor que indica se o relógio está atualmente <xref href=&quot;System.Windows.Media.Animation.ClockState&quot;> </xref>, <xref href=&quot;System.Windows.Media.Animation.ClockState&quot;> </xref>, ou <xref href=&quot;System.Windows.Media.Animation.ClockState&quot;> </xref>."
  remarks: "Observe a que propriedade de CurrentState do relógio não informa a se ele foi pausado. Para determinar se um relógio está em pausa, use o <xref:System.Windows.Media.Animation.Clock.IsPaused%2A>propriedade.</xref:System.Windows.Media.Animation.Clock.IsPaused%2A>       O <xref:System.Windows.Media.Animation.Clock.CurrentStateInvalidated>ocorre sempre que o valor dessa propriedade é alterado.</xref:System.Windows.Media.Animation.Clock.CurrentStateInvalidated>"
  syntax:
    content: public System.Windows.Media.Animation.ClockState CurrentState { get; }
    return:
      type: System.Windows.Media.Animation.ClockState
      description: 'O estado atual do relógio: <xref href=&quot;System.Windows.Media.Animation.ClockState&quot;> </xref>, <xref href=&quot;System.Windows.Media.Animation.ClockState&quot;> </xref>, ou <xref href=&quot;System.Windows.Media.Animation.ClockState&quot;> </xref>.'
  overload: System.Windows.Media.Animation.Clock.CurrentState*
  exceptions: []
  platform:
  - net462
- uid: System.Windows.Media.Animation.Clock.CurrentStateInvalidated
  id: CurrentStateInvalidated
  parent: System.Windows.Media.Animation.Clock
  langs:
  - csharp
  name: CurrentStateInvalidated
  nameWithType: Clock.CurrentStateInvalidated
  fullName: System.Windows.Media.Animation.Clock.CurrentStateInvalidated
  type: Event
  assemblies:
  - PresentationCore
  namespace: System.Windows.Media.Animation
  summary: "Ocorre quando o relógio <xref:System.Windows.Media.Animation.Clock.CurrentState*>propriedade é atualizada.</xref:System.Windows.Media.Animation.Clock.CurrentState*>"
  remarks: "Use o <xref:System.Windows.Media.Animation.Timeline.CurrentStateInvalidated>evento quando você deseja ser notificado se quando o relógio inicia, interrompe ou preenche.</xref:System.Windows.Media.Animation.Timeline.CurrentStateInvalidated> O <xref:System.Object>parâmetro o <xref:System.EventHandler>manipulador de eventos é o <xref:System.Windows.Media.Animation.Clock>cujo estado foi invalidado.</xref:System.Windows.Media.Animation.Clock> </xref:System.EventHandler> </xref:System.Object>       Pausando um <xref:System.Windows.Media.Animation.Clock>não altera seu <xref:System.Windows.Media.Animation.Clock.CurrentState%2A>.</xref:System.Windows.Media.Animation.Clock.CurrentState%2A> </xref:System.Windows.Media.Animation.Clock> Para ser notificado quando um relógio torna-se em pausa, use o <xref:System.Windows.Media.Animation.Timeline.CurrentGlobalSpeedInvalidated>evento.</xref:System.Windows.Media.Animation.Timeline.CurrentGlobalSpeedInvalidated>       Embora esse evento ocorre quando o <xref:System.Windows.Media.Animation.ClockState>se torna inválido, isso não significa necessariamente o <xref:System.Windows.Media.Animation.ClockState>alterado: um <xref:System.Windows.Media.Animation.Clock>que alterna de <xref:System.Windows.Media.Animation.ClockState>para <xref:System.Windows.Media.Animation.ClockState>e, em seguida, de volta para <xref:System.Windows.Media.Animation.ClockState>na mesma escala fará com que este evento seja acionado, mas o <xref:System.Windows.Media.Animation.Clock.CurrentState%2A>propriedade, na verdade, não se altera.</xref:System.Windows.Media.Animation.Clock.CurrentState%2A> </xref:System.Windows.Media.Animation.ClockState> </xref:System.Windows.Media.Animation.ClockState> </xref:System.Windows.Media.Animation.ClockState> </xref:System.Windows.Media.Animation.Clock> </xref:System.Windows.Media.Animation.ClockState> </xref:System.Windows.Media.Animation.ClockState>"
  syntax:
    content: public event EventHandler CurrentStateInvalidated;
    return:
      type: System.EventHandler
      description: "A ser adicionado."
  exceptions: []
  platform:
  - net462
- uid: System.Windows.Media.Animation.Clock.CurrentTime
  id: CurrentTime
  parent: System.Windows.Media.Animation.Clock
  langs:
  - csharp
  name: CurrentTime
  nameWithType: Clock.CurrentTime
  fullName: System.Windows.Media.Animation.Clock.CurrentTime
  type: Property
  assemblies:
  - PresentationCore
  namespace: System.Windows.Media.Animation
  summary: "Obtém este relógio atual do tempo dentro de sua iteração atual."
  remarks: "## Usar uma linha do tempo, como o relógio do Timer uma timeline será andamento somente quando há um manipulador de eventos associados a ele ou (no caso de uma <xref:System.Windows.Media.Animation.AnimationClock>objeto) é associado uma propriedade.</xref:System.Windows.Media.Animation.AnimationClock> Por essa razão (e outros), não se recomenda que você use um <xref:System.Windows.Media.Animation.Timeline>como um timer.</xref:System.Windows.Media.Animation.Timeline>"
  syntax:
    content: public Nullable<TimeSpan> CurrentTime { get; }
    return:
      type: System.Nullable{System.TimeSpan}
      description: "<xref uid=&quot;langword_csharp_null&quot; name=&quot;null&quot; href=&quot;&quot;></xref>Se for esse clock <xref href=&quot;System.Windows.Media.Animation.ClockState&quot;> </xref>; caso contrário, a hora atual deste relógio."
  overload: System.Windows.Media.Animation.Clock.CurrentTime*
  exceptions: []
  platform:
  - net462
- uid: System.Windows.Media.Animation.Clock.CurrentTimeInvalidated
  id: CurrentTimeInvalidated
  parent: System.Windows.Media.Animation.Clock
  langs:
  - csharp
  name: CurrentTimeInvalidated
  nameWithType: Clock.CurrentTimeInvalidated
  fullName: System.Windows.Media.Animation.Clock.CurrentTimeInvalidated
  type: Event
  assemblies:
  - PresentationCore
  namespace: System.Windows.Media.Animation
  summary: "Ocorre quando este relógio <xref:System.Windows.Media.Animation.Clock.CurrentTime*>torna-se inválido.</xref:System.Windows.Media.Animation.Clock.CurrentTime*>"
  remarks: 'A clock''s <xref:System.Windows.Media.Animation.Clock.CurrentTime%2A> becomes invalid when the clock progresses. The following interactive operations also trigger the CurrentTimeInvalidated event: <xref:System.Windows.Media.Animation.ClockController.Begin%2A>, <xref:System.Windows.Media.Animation.ClockController.SkipToFill%2A>, <xref:System.Windows.Media.Animation.ClockController.Seek%2A>, <xref:System.Windows.Media.Animation.ClockController.SeekAlignedToLastTick%2A>, and <xref:System.Windows.Media.Animation.ClockController.Stop%2A>.'
  syntax:
    content: public event EventHandler CurrentTimeInvalidated;
    return:
      type: System.EventHandler
      description: "A ser adicionado."
  exceptions: []
  platform:
  - net462
- uid: System.Windows.Media.Animation.Clock.DiscontinuousTimeMovement
  id: DiscontinuousTimeMovement
  parent: System.Windows.Media.Animation.Clock
  langs:
  - csharp
  name: DiscontinuousTimeMovement()
  nameWithType: Clock.DiscontinuousTimeMovement()
  fullName: System.Windows.Media.Animation.Clock.DiscontinuousTimeMovement()
  type: Method
  assemblies:
  - PresentationCore
  namespace: System.Windows.Media.Animation
  summary: "Quando implementada em uma classe derivada, será invocado sempre que um relógio se repete, ignora ou buscas."
  syntax:
    content: protected virtual void DiscontinuousTimeMovement ();
    parameters: []
  overload: System.Windows.Media.Animation.Clock.DiscontinuousTimeMovement*
  exceptions: []
  platform:
  - net462
- uid: System.Windows.Media.Animation.Clock.GetCanSlip
  id: GetCanSlip
  parent: System.Windows.Media.Animation.Clock
  langs:
  - csharp
  name: GetCanSlip()
  nameWithType: Clock.GetCanSlip()
  fullName: System.Windows.Media.Animation.Clock.GetCanSlip()
  type: Method
  assemblies:
  - PresentationCore
  namespace: System.Windows.Media.Animation
  summary: "Retorna se o <xref href=&quot;System.Windows.Media.Animation.Clock&quot;> </xref> tem sua própria fonte de hora externa, que pode exigir a sincronização com o sistema de tempo."
  remarks: "Mídia está sendo reproduzido usando <xref:System.Windows.Media.MediaTimeline>dentro de uma mensagem <xref:System.Windows.Media.Animation.Storyboard>é um exemplo de como criar um <xref:System.Windows.Media.Animation.Clock>que teria uma fonte de hora externa (um clipe de vídeo por exemplo) que pode exigir que a sincronização com outras linhas de tempo em <xref:System.Windows.Media.Animation.Storyboard>.</xref:System.Windows.Media.Animation.Storyboard> </xref:System.Windows.Media.Animation.Clock> </xref:System.Windows.Media.Animation.Storyboard> </xref:System.Windows.Media.MediaTimeline> Consulte <xref:System.Windows.Media.Animation.ParallelTimeline.SlipBehavior%2A>para obter mais informações.</xref:System.Windows.Media.Animation.ParallelTimeline.SlipBehavior%2A>"
  syntax:
    content: protected virtual bool GetCanSlip ();
    parameters: []
    return:
      type: System.Boolean
      description: "Retorna **true** se o <xref href=&quot;System.Windows.Media.Animation.Clock&quot;> </xref> tem sua própria fonte externa para o tempo, o que pode exigir a sincronização com o sistema de tempo; caso contrário, **false**."
  overload: System.Windows.Media.Animation.Clock.GetCanSlip*
  exceptions: []
  platform:
  - net462
- uid: System.Windows.Media.Animation.Clock.GetCurrentTimeCore
  id: GetCurrentTimeCore
  parent: System.Windows.Media.Animation.Clock
  langs:
  - csharp
  name: GetCurrentTimeCore()
  nameWithType: Clock.GetCurrentTimeCore()
  fullName: System.Windows.Media.Animation.Clock.GetCurrentTimeCore()
  type: Method
  assemblies:
  - PresentationCore
  namespace: System.Windows.Media.Animation
  summary: "Obtém este relógio atual do tempo dentro de sua iteração atual."
  remarks: "Esse método é usado na implementação de <xref:System.Windows.Media.Animation.Clock.CurrentTime%2A>método e não deve ser chamado diretamente no seu código.</xref:System.Windows.Media.Animation.Clock.CurrentTime%2A>"
  syntax:
    content: protected virtual TimeSpan GetCurrentTimeCore ();
    parameters: []
    return:
      type: System.TimeSpan
      description: "A hora atual deste relógio se ele está ativo ou preenchendo; Caso contrário, <xref:System.TimeSpan>.</xref:System.TimeSpan>"
  overload: System.Windows.Media.Animation.Clock.GetCurrentTimeCore*
  exceptions: []
  platform:
  - net462
- uid: System.Windows.Media.Animation.Clock.HasControllableRoot
  id: HasControllableRoot
  parent: System.Windows.Media.Animation.Clock
  langs:
  - csharp
  name: HasControllableRoot
  nameWithType: Clock.HasControllableRoot
  fullName: System.Windows.Media.Animation.Clock.HasControllableRoot
  type: Property
  assemblies:
  - PresentationCore
  namespace: System.Windows.Media.Animation
  summary: "Obtém um valor que indica se este <xref href=&quot;System.Windows.Media.Animation.Clock&quot;> </xref> faz parte de uma árvore de relógio controlável."
  syntax:
    content: public bool HasControllableRoot { get; }
    return:
      type: System.Boolean
      description: "<xref uid=&quot;langword_csharp_true&quot; name=&quot;true&quot; href=&quot;&quot;></xref>Se esse clock pertence a uma árvore de relógio com um relógio de controlável raiz ou se este relógio em si for uma raiz controlável. Caso contrário, <xref uid=&quot;langword_csharp_false&quot; name=&quot;false&quot; href=&quot;&quot;> </xref>."
  overload: System.Windows.Media.Animation.Clock.HasControllableRoot*
  exceptions: []
  platform:
  - net462
- uid: System.Windows.Media.Animation.Clock.IsPaused
  id: IsPaused
  parent: System.Windows.Media.Animation.Clock
  langs:
  - csharp
  name: IsPaused
  nameWithType: Clock.IsPaused
  fullName: System.Windows.Media.Animation.Clock.IsPaused
  type: Property
  assemblies:
  - PresentationCore
  namespace: System.Windows.Media.Animation
  summary: "Obtém um valor que indica se este <xref href=&quot;System.Windows.Media.Animation.Clock&quot;> </xref>, ou qualquer um de seus pais, está em pausa."
  syntax:
    content: public bool IsPaused { get; }
    return:
      type: System.Boolean
      description: "<xref uid=&quot;langword_csharp_true&quot; name=&quot;true&quot; href=&quot;&quot;></xref>Se este <xref href=&quot;System.Windows.Media.Animation.Clock&quot;> </xref> ou qualquer um de seus pais é pausado; caso contrário, <xref uid=&quot;langword_csharp_false&quot; name=&quot;false&quot; href=&quot;&quot;> </xref>."
  overload: System.Windows.Media.Animation.Clock.IsPaused*
  exceptions: []
  platform:
  - net462
- uid: System.Windows.Media.Animation.Clock.NaturalDuration
  id: NaturalDuration
  parent: System.Windows.Media.Animation.Clock
  langs:
  - csharp
  name: NaturalDuration
  nameWithType: Clock.NaturalDuration
  fullName: System.Windows.Media.Animation.Clock.NaturalDuration
  type: Property
  assemblies:
  - PresentationCore
  namespace: System.Windows.Media.Animation
  summary: "Obtém a duração natural desse clock <xref:System.Windows.Media.Animation.Clock.Timeline*>.</xref:System.Windows.Media.Animation.Clock.Timeline*>"
  remarks: "Para obter mais informações sobre duração natural, consulte o <xref:System.Windows.Media.Animation.Timeline.GetNaturalDuration%2A?displayProperty=fullName>método.</xref:System.Windows.Media.Animation.Timeline.GetNaturalDuration%2A?displayProperty=fullName>"
  syntax:
    content: public System.Windows.Duration NaturalDuration { get; }
    return:
      type: System.Windows.Duration
      description: "Natural durante este relógio, conforme determinado pelo seu <xref:System.Windows.Media.Animation.Clock.Timeline*>.</xref:System.Windows.Media.Animation.Clock.Timeline*>"
  overload: System.Windows.Media.Animation.Clock.NaturalDuration*
  exceptions: []
  platform:
  - net462
- uid: System.Windows.Media.Animation.Clock.Parent
  id: Parent
  parent: System.Windows.Media.Animation.Clock
  langs:
  - csharp
  name: Parent
  nameWithType: Clock.Parent
  fullName: System.Windows.Media.Animation.Clock.Parent
  type: Property
  assemblies:
  - PresentationCore
  namespace: System.Windows.Media.Animation
  summary: "Obtém o relógio que é o pai deste relógio."
  syntax:
    content: public System.Windows.Media.Animation.Clock Parent { get; }
    return:
      type: System.Windows.Media.Animation.Clock
      description: "O pai deste relógio ou <xref uid=&quot;langword_csharp_null&quot; name=&quot;null&quot; href=&quot;&quot;> </xref> se esse clock é uma raiz."
  overload: System.Windows.Media.Animation.Clock.Parent*
  exceptions: []
  platform:
  - net462
- uid: System.Windows.Media.Animation.Clock.RemoveRequested
  id: RemoveRequested
  parent: System.Windows.Media.Animation.Clock
  langs:
  - csharp
  name: RemoveRequested
  nameWithType: Clock.RemoveRequested
  fullName: System.Windows.Media.Animation.Clock.RemoveRequested
  type: Event
  assemblies:
  - PresentationCore
  namespace: System.Windows.Media.Animation
  summary: "Ocorre quando o <xref:System.Windows.Media.Animation.ClockController.Remove*>método é chamado neste <xref href=&quot;System.Windows.Media.Animation.Clock&quot;> </xref> ou um de seus relógios pai.</xref:System.Windows.Media.Animation.ClockController.Remove*>"
  syntax:
    content: public event EventHandler RemoveRequested;
    return:
      type: System.EventHandler
      description: "A ser adicionado."
  exceptions: []
  platform:
  - net462
- uid: System.Windows.Media.Animation.Clock.SpeedChanged
  id: SpeedChanged
  parent: System.Windows.Media.Animation.Clock
  langs:
  - csharp
  name: SpeedChanged()
  nameWithType: Clock.SpeedChanged()
  fullName: System.Windows.Media.Animation.Clock.SpeedChanged()
  type: Method
  assemblies:
  - PresentationCore
  namespace: System.Windows.Media.Animation
  summary: "Quando implementado em uma classe derivada, será invocado sempre que um relógio começa, ignora, pausa, retome, ou quando o relógio <xref:System.Windows.Media.Animation.ClockController.SpeedRatio*>é modificado.</xref:System.Windows.Media.Animation.ClockController.SpeedRatio*>"
  syntax:
    content: protected virtual void SpeedChanged ();
    parameters: []
  overload: System.Windows.Media.Animation.Clock.SpeedChanged*
  exceptions: []
  platform:
  - net462
- uid: System.Windows.Media.Animation.Clock.Stopped
  id: Stopped
  parent: System.Windows.Media.Animation.Clock
  langs:
  - csharp
  name: Stopped()
  nameWithType: Clock.Stopped()
  fullName: System.Windows.Media.Animation.Clock.Stopped()
  type: Method
  assemblies:
  - PresentationCore
  namespace: System.Windows.Media.Animation
  summary: "Quando implementada em uma classe derivada, será invocado sempre que um relógio é interrompido com o <xref:System.Windows.Media.Animation.ClockController.Stop*>método.</xref:System.Windows.Media.Animation.ClockController.Stop*>"
  syntax:
    content: protected virtual void Stopped ();
    parameters: []
  overload: System.Windows.Media.Animation.Clock.Stopped*
  exceptions: []
  platform:
  - net462
- uid: System.Windows.Media.Animation.Clock.Timeline
  id: Timeline
  parent: System.Windows.Media.Animation.Clock
  langs:
  - csharp
  name: Timeline
  nameWithType: Clock.Timeline
  fullName: System.Windows.Media.Animation.Clock.Timeline
  type: Property
  assemblies:
  - PresentationCore
  namespace: System.Windows.Media.Animation
  summary: "Obtém a linha do tempo do que esse <xref href=&quot;System.Windows.Media.Animation.Clock&quot;> </xref> foi criado."
  remarks: "Modificando um relógio <xref:System.Windows.Media.MediaTimeline>não atualiza o relógio; um relógio de novo deve ser criado de modificação <xref:System.Windows.Media.Animation.Timeline>.</xref:System.Windows.Media.Animation.Timeline> </xref:System.Windows.Media.MediaTimeline>"
  syntax:
    content: public System.Windows.Media.Animation.Timeline Timeline { get; }
    return:
      type: System.Windows.Media.Animation.Timeline
      description: "A linha do tempo do que esse <xref href=&quot;System.Windows.Media.Animation.Clock&quot;> </xref> foi criado."
  overload: System.Windows.Media.Animation.Clock.Timeline*
  exceptions: []
  platform:
  - net462
references:
- uid: System.Windows.Threading.DispatcherObject
  isExternal: false
  name: System.Windows.Threading.DispatcherObject
- uid: System.Windows.Media.Animation.Clock.#ctor(System.Windows.Media.Animation.Timeline)
  parent: System.Windows.Media.Animation.Clock
  isExternal: false
  name: Clock(Timeline)
  nameWithType: Clock.Clock(Timeline)
  fullName: System.Windows.Media.Animation.Clock.Clock(Timeline)
- uid: System.Windows.Media.Animation.Timeline
  parent: System.Windows.Media.Animation
  isExternal: false
  name: Timeline
  nameWithType: Timeline
  fullName: System.Windows.Media.Animation.Timeline
- uid: System.Windows.Media.Animation.Clock.Completed
  parent: System.Windows.Media.Animation.Clock
  isExternal: false
  name: Completed
  nameWithType: Clock.Completed
  fullName: System.Windows.Media.Animation.Clock.Completed
- uid: System.EventHandler
  parent: System
  isExternal: true
  name: EventHandler
  nameWithType: EventHandler
  fullName: System.EventHandler
- uid: System.Windows.Media.Animation.Clock.Controller
  parent: System.Windows.Media.Animation.Clock
  isExternal: false
  name: Controller
  nameWithType: Clock.Controller
  fullName: System.Windows.Media.Animation.Clock.Controller
- uid: System.Windows.Media.Animation.ClockController
  parent: System.Windows.Media.Animation
  isExternal: false
  name: ClockController
  nameWithType: ClockController
  fullName: System.Windows.Media.Animation.ClockController
- uid: System.Windows.Media.Animation.Clock.CurrentGlobalSpeed
  parent: System.Windows.Media.Animation.Clock
  isExternal: false
  name: CurrentGlobalSpeed
  nameWithType: Clock.CurrentGlobalSpeed
  fullName: System.Windows.Media.Animation.Clock.CurrentGlobalSpeed
- uid: System.Nullable{System.Double}
  parent: System
  isExternal: true
  name: Nullable<Double>
  nameWithType: Nullable<Double>
  fullName: System.Nullable<System.Double>
  spec.csharp:
  - uid: System.Nullable`1
    name: Nullable
    nameWithType: Nullable
    fullName: Nullable<System.Double>
  - name: <
    nameWithType: <
    fullName: <
  - uid: System.Double
    name: Double
    nameWithType: Double
    fullName: Double
  - name: '>'
    nameWithType: '>'
    fullName: '>'
- uid: System.Windows.Media.Animation.Clock.CurrentGlobalSpeedInvalidated
  parent: System.Windows.Media.Animation.Clock
  isExternal: false
  name: CurrentGlobalSpeedInvalidated
  nameWithType: Clock.CurrentGlobalSpeedInvalidated
  fullName: System.Windows.Media.Animation.Clock.CurrentGlobalSpeedInvalidated
- uid: System.Windows.Media.Animation.Clock.CurrentGlobalTime
  parent: System.Windows.Media.Animation.Clock
  isExternal: false
  name: CurrentGlobalTime
  nameWithType: Clock.CurrentGlobalTime
  fullName: System.Windows.Media.Animation.Clock.CurrentGlobalTime
- uid: System.TimeSpan
  parent: System
  isExternal: true
  name: TimeSpan
  nameWithType: TimeSpan
  fullName: System.TimeSpan
- uid: System.Windows.Media.Animation.Clock.CurrentIteration
  parent: System.Windows.Media.Animation.Clock
  isExternal: false
  name: CurrentIteration
  nameWithType: Clock.CurrentIteration
  fullName: System.Windows.Media.Animation.Clock.CurrentIteration
- uid: System.Nullable{System.Int32}
  parent: System
  isExternal: true
  name: Nullable<Int32>
  nameWithType: Nullable<Int32>
  fullName: System.Nullable<System.Int32>
  spec.csharp:
  - uid: System.Nullable`1
    name: Nullable
    nameWithType: Nullable
    fullName: Nullable<System.Int32>
  - name: <
    nameWithType: <
    fullName: <
  - uid: System.Int32
    name: Int32
    nameWithType: Int32
    fullName: Int32
  - name: '>'
    nameWithType: '>'
    fullName: '>'
- uid: System.Windows.Media.Animation.Clock.CurrentProgress
  parent: System.Windows.Media.Animation.Clock
  isExternal: false
  name: CurrentProgress
  nameWithType: Clock.CurrentProgress
  fullName: System.Windows.Media.Animation.Clock.CurrentProgress
- uid: System.Windows.Media.Animation.Clock.CurrentState
  parent: System.Windows.Media.Animation.Clock
  isExternal: false
  name: CurrentState
  nameWithType: Clock.CurrentState
  fullName: System.Windows.Media.Animation.Clock.CurrentState
- uid: System.Windows.Media.Animation.ClockState
  parent: System.Windows.Media.Animation
  isExternal: false
  name: ClockState
  nameWithType: ClockState
  fullName: System.Windows.Media.Animation.ClockState
- uid: System.Windows.Media.Animation.Clock.CurrentStateInvalidated
  parent: System.Windows.Media.Animation.Clock
  isExternal: false
  name: CurrentStateInvalidated
  nameWithType: Clock.CurrentStateInvalidated
  fullName: System.Windows.Media.Animation.Clock.CurrentStateInvalidated
- uid: System.Windows.Media.Animation.Clock.CurrentTime
  parent: System.Windows.Media.Animation.Clock
  isExternal: false
  name: CurrentTime
  nameWithType: Clock.CurrentTime
  fullName: System.Windows.Media.Animation.Clock.CurrentTime
- uid: System.Nullable{System.TimeSpan}
  parent: System
  isExternal: true
  name: Nullable<TimeSpan>
  nameWithType: Nullable<TimeSpan>
  fullName: System.Nullable<System.TimeSpan>
  spec.csharp:
  - uid: System.Nullable`1
    name: Nullable
    nameWithType: Nullable
    fullName: Nullable<System.TimeSpan>
  - name: <
    nameWithType: <
    fullName: <
  - uid: System.TimeSpan
    name: TimeSpan
    nameWithType: TimeSpan
    fullName: TimeSpan
  - name: '>'
    nameWithType: '>'
    fullName: '>'
- uid: System.Windows.Media.Animation.Clock.CurrentTimeInvalidated
  parent: System.Windows.Media.Animation.Clock
  isExternal: false
  name: CurrentTimeInvalidated
  nameWithType: Clock.CurrentTimeInvalidated
  fullName: System.Windows.Media.Animation.Clock.CurrentTimeInvalidated
- uid: System.Windows.Media.Animation.Clock.DiscontinuousTimeMovement
  parent: System.Windows.Media.Animation.Clock
  isExternal: false
  name: DiscontinuousTimeMovement()
  nameWithType: Clock.DiscontinuousTimeMovement()
  fullName: System.Windows.Media.Animation.Clock.DiscontinuousTimeMovement()
- uid: System.Windows.Media.Animation.Clock.GetCanSlip
  parent: System.Windows.Media.Animation.Clock
  isExternal: false
  name: GetCanSlip()
  nameWithType: Clock.GetCanSlip()
  fullName: System.Windows.Media.Animation.Clock.GetCanSlip()
- uid: System.Boolean
  parent: System
  isExternal: true
  name: Boolean
  nameWithType: Boolean
  fullName: System.Boolean
- uid: System.Windows.Media.Animation.Clock.GetCurrentTimeCore
  parent: System.Windows.Media.Animation.Clock
  isExternal: false
  name: GetCurrentTimeCore()
  nameWithType: Clock.GetCurrentTimeCore()
  fullName: System.Windows.Media.Animation.Clock.GetCurrentTimeCore()
- uid: System.Windows.Media.Animation.Clock.HasControllableRoot
  parent: System.Windows.Media.Animation.Clock
  isExternal: false
  name: HasControllableRoot
  nameWithType: Clock.HasControllableRoot
  fullName: System.Windows.Media.Animation.Clock.HasControllableRoot
- uid: System.Windows.Media.Animation.Clock.IsPaused
  parent: System.Windows.Media.Animation.Clock
  isExternal: false
  name: IsPaused
  nameWithType: Clock.IsPaused
  fullName: System.Windows.Media.Animation.Clock.IsPaused
- uid: System.Windows.Media.Animation.Clock.NaturalDuration
  parent: System.Windows.Media.Animation.Clock
  isExternal: false
  name: NaturalDuration
  nameWithType: Clock.NaturalDuration
  fullName: System.Windows.Media.Animation.Clock.NaturalDuration
- uid: System.Windows.Duration
  parent: System.Windows
  isExternal: false
  name: Duration
  nameWithType: Duration
  fullName: System.Windows.Duration
- uid: System.Windows.Media.Animation.Clock.Parent
  parent: System.Windows.Media.Animation.Clock
  isExternal: false
  name: Parent
  nameWithType: Clock.Parent
  fullName: System.Windows.Media.Animation.Clock.Parent
- uid: System.Windows.Media.Animation.Clock
  parent: System.Windows.Media.Animation
  isExternal: false
  name: Clock
  nameWithType: Clock
  fullName: System.Windows.Media.Animation.Clock
- uid: System.Windows.Media.Animation.Clock.RemoveRequested
  parent: System.Windows.Media.Animation.Clock
  isExternal: false
  name: RemoveRequested
  nameWithType: Clock.RemoveRequested
  fullName: System.Windows.Media.Animation.Clock.RemoveRequested
- uid: System.Windows.Media.Animation.Clock.SpeedChanged
  parent: System.Windows.Media.Animation.Clock
  isExternal: false
  name: SpeedChanged()
  nameWithType: Clock.SpeedChanged()
  fullName: System.Windows.Media.Animation.Clock.SpeedChanged()
- uid: System.Windows.Media.Animation.Clock.Stopped
  parent: System.Windows.Media.Animation.Clock
  isExternal: false
  name: Stopped()
  nameWithType: Clock.Stopped()
  fullName: System.Windows.Media.Animation.Clock.Stopped()
- uid: System.Windows.Media.Animation.Clock.Timeline
  parent: System.Windows.Media.Animation.Clock
  isExternal: false
  name: Timeline
  nameWithType: Clock.Timeline
  fullName: System.Windows.Media.Animation.Clock.Timeline
- uid: System.Windows.Media.Animation.Clock.#ctor*
  parent: System.Windows.Media.Animation.Clock
  isExternal: false
  name: Clock
  nameWithType: Clock.Clock
- uid: System.Windows.Media.Animation.Clock.Controller*
  parent: System.Windows.Media.Animation.Clock
  isExternal: false
  name: Controller
  nameWithType: Clock.Controller
- uid: System.Windows.Media.Animation.Clock.CurrentGlobalSpeed*
  parent: System.Windows.Media.Animation.Clock
  isExternal: false
  name: CurrentGlobalSpeed
  nameWithType: Clock.CurrentGlobalSpeed
- uid: System.Windows.Media.Animation.Clock.CurrentGlobalTime*
  parent: System.Windows.Media.Animation.Clock
  isExternal: false
  name: CurrentGlobalTime
  nameWithType: Clock.CurrentGlobalTime
- uid: System.Windows.Media.Animation.Clock.CurrentIteration*
  parent: System.Windows.Media.Animation.Clock
  isExternal: false
  name: CurrentIteration
  nameWithType: Clock.CurrentIteration
- uid: System.Windows.Media.Animation.Clock.CurrentProgress*
  parent: System.Windows.Media.Animation.Clock
  isExternal: false
  name: CurrentProgress
  nameWithType: Clock.CurrentProgress
- uid: System.Windows.Media.Animation.Clock.CurrentState*
  parent: System.Windows.Media.Animation.Clock
  isExternal: false
  name: CurrentState
  nameWithType: Clock.CurrentState
- uid: System.Windows.Media.Animation.Clock.CurrentTime*
  parent: System.Windows.Media.Animation.Clock
  isExternal: false
  name: CurrentTime
  nameWithType: Clock.CurrentTime
- uid: System.Windows.Media.Animation.Clock.DiscontinuousTimeMovement*
  parent: System.Windows.Media.Animation.Clock
  isExternal: false
  name: DiscontinuousTimeMovement
  nameWithType: Clock.DiscontinuousTimeMovement
- uid: System.Windows.Media.Animation.Clock.GetCanSlip*
  parent: System.Windows.Media.Animation.Clock
  isExternal: false
  name: GetCanSlip
  nameWithType: Clock.GetCanSlip
- uid: System.Windows.Media.Animation.Clock.GetCurrentTimeCore*
  parent: System.Windows.Media.Animation.Clock
  isExternal: false
  name: GetCurrentTimeCore
  nameWithType: Clock.GetCurrentTimeCore
- uid: System.Windows.Media.Animation.Clock.HasControllableRoot*
  parent: System.Windows.Media.Animation.Clock
  isExternal: false
  name: HasControllableRoot
  nameWithType: Clock.HasControllableRoot
- uid: System.Windows.Media.Animation.Clock.IsPaused*
  parent: System.Windows.Media.Animation.Clock
  isExternal: false
  name: IsPaused
  nameWithType: Clock.IsPaused
- uid: System.Windows.Media.Animation.Clock.NaturalDuration*
  parent: System.Windows.Media.Animation.Clock
  isExternal: false
  name: NaturalDuration
  nameWithType: Clock.NaturalDuration
- uid: System.Windows.Media.Animation.Clock.Parent*
  parent: System.Windows.Media.Animation.Clock
  isExternal: false
  name: Parent
  nameWithType: Clock.Parent
- uid: System.Windows.Media.Animation.Clock.SpeedChanged*
  parent: System.Windows.Media.Animation.Clock
  isExternal: false
  name: SpeedChanged
  nameWithType: Clock.SpeedChanged
- uid: System.Windows.Media.Animation.Clock.Stopped*
  parent: System.Windows.Media.Animation.Clock
  isExternal: false
  name: Stopped
  nameWithType: Clock.Stopped
- uid: System.Windows.Media.Animation.Clock.Timeline*
  parent: System.Windows.Media.Animation.Clock
  isExternal: false
  name: Timeline
  nameWithType: Clock.Timeline
